<Solution>
  <Folder Name="/Solution Items/">
    <File Path="LICENSE" />
    <File Path="NOTICE" />
    <File Path=".gitignore" />
  </Folder>
  <Folder Name="/src/" />
  <Folder Name="/src/abstractions/">
    <Project Path="src/abstractions/Mpt.Framework.Abstractions/Mpt.Framework.Abstractions.csproj" />
  </Folder>
  <Folder Name="/src/delta/">
    <Project Path="src/delta/Mpt.Framework.Delta/Mpt.Framework.Delta.csproj" />
    <Project Path="src/delta/Mpt.Framework.Delta.Validation/Mpt.Framework.Delta.Validation.csproj" />
  </Folder>
  <Folder Name="/src/operation/">
    <Project Path="src/operation/Mpt.Framework.Operation.Abstractions/Mpt.Framework.Operation.Abstractions.csproj" />
    <Project Path="src/operation/Mpt.Framework.Operation/Mpt.Framework.Operation.csproj" />
    <Project Path="src/operation/Mpt.Framework.Operation.EFCore/Mpt.Framework.Operation.EFCore.csproj" />
  </Folder>
  <Folder Name="/src/messagehub/">
    <Project Path="src/messagehub/Mpt.Framework.MessageHub.Abstractions/Mpt.Framework.MessageHub.Abstractions.csproj" />
    <Project Path="src/messagehub/Mpt.Framework.MessageHub/Mpt.Framework.MessageHub.csproj" />
  </Folder>
  <Folder Name="/src/mapping/">
    <Project Path="src/mapping/Mpt.Framework.Mapping.Abstractions/Mpt.Framework.Mapping.Abstractions.csproj" />
    <Project Path="src/mapping/Mpt.Framework.Mapping/Mpt.Framework.Mapping.csproj" />
    <Project Path="src/mapping/Mpt.Framework.Mapping.EFCore/Mpt.Framework.Mapping.EFCore.csproj" />
  </Folder>
  <Folder Name="/src/persistence/">
    <Project Path="src/persistence/Mpt.Framework.Persistence.Abstractions/Mpt.Framework.Persistence.Abstractions.csproj" />
    <Project Path="src/persistence/Mpt.Framework.Persistence/Mpt.Framework.Persistence.csproj" />
    <Project Path="src/persistence/Mpt.Framework.Persistence.EFCore/Mpt.Framework.Persistence.EFCore.csproj" />
  </Folder>
  <Folder Name="/tests/" />
  <Folder Name="/tests/delta/">
    <Project Path="tests/delta/Mpt.Framework.Delta.Tests/Mpt.Framework.Delta.Tests.csproj" />
    <Project Path="tests/delta/Mpt.Framework.Delta.Validation.Tests/Mpt.Framework.Delta.Validation.Tests.csproj" />
  </Folder>
  <Folder Name="/tests/operation/">
    <Project Path="tests/operation/Mpt.Framework.Operation.Tests/Mpt.Framework.Operation.Tests.csproj" />
  </Folder>
  <Folder Name="/tests/messagehub/">
    <Project Path="tests/messagehub/Mpt.Framework.MessageHub.Tests/Mpt.Framework.MessageHub.Tests.csproj" />
  </Folder>
  <Folder Name="/tests/mapping/">
    <Project Path="tests/mapping/Mpt.Framework.Mapping.Tests/Mpt.Framework.Mapping.Tests.csproj" />
  </Folder>
  <Folder Name="/tests/persistence/">
    <Project Path="tests/persistence/Mpt.Framework.Persistence.Tests/Mpt.Framework.Persistence.Tests.csproj" />
  </Folder>
</Solution>
