<Solution>
  <Folder Name="/Solution Items/">
    <File Path="LICENSE" />
    <File Path="NOTICE" />
    <File Path=".gitignore" />
  </Folder>
  <Folder Name="/src/" />
  <Folder Name="/src/delta/">
    <Project Path="src/delta/Mpt.Framework.Delta/Mpt.Framework.Delta.csproj" />
    <Project Path="src/delta/Mpt.Framework.Delta.Validation/Mpt.Framework.Delta.Validation.csproj" />
  </Folder>
  <Folder Name="/src/operations/">
    <Project Path="src/operations/Mpt.Framework.Operations.Abstractions/Mpt.Framework.Operations.Abstractions.csproj" />
    <Project Path="src/operations/Mpt.Framework.Operations/Mpt.Framework.Operations.csproj" />
    <Project Path="src/operations/Mpt.Framework.Operations.EFCore/Mpt.Framework.Operations.EFCore.csproj" />
  </Folder>
  <Folder Name="/src/messagehub/">
    <Project Path="src/messagehub/Mpt.Framework.MessageHub.Abstractions/Mpt.Framework.MessageHub.Abstractions.csproj" />
    <Project Path="src/messagehub/Mpt.Framework.MessageHub/Mpt.Framework.MessageHub.csproj" />
  </Folder>
  <Folder Name="/tests/" />
  <Folder Name="/tests/delta/">
    <Project Path="tests/delta/Mpt.Framework.Delta.Tests/Mpt.Framework.Delta.Tests.csproj" />
    <Project Path="tests/delta/Mpt.Framework.Delta.Validation.Tests/Mpt.Framework.Delta.Validation.Tests.csproj" />
  </Folder>
  <Folder Name="/tests/operations/">
    <Project Path="tests/operations/Mpt.Framework.Operations.Tests/Mpt.Framework.Operations.Tests.csproj" />
  </Folder>
  <Folder Name="/tests/messagehub/">
    <Project Path="tests/messagehub/Mpt.Framework.MessageHub.Tests/Mpt.Framework.MessageHub.Tests.csproj" />
  </Folder>
</Solution>
